
Microsoft Visual Studio Solution File, Format Version 12.00
# Visual Studio Version 17
VisualStudioVersion = 17.4.33205.214
MinimumVisualStudioVersion = 10.0.40219.1
Project("{FAE04EC0-301F-11D3-BF4B-00C04F79EFBC}") = "Hesap Makinesi", "Hesap Makinesi.csproj", "{46ED7983-64B3-4B9B-83A8-4AD054740D11}"
EndProject
Global
	GlobalSection(SolutionConfigurationPlatforms) = preSolution
		Debug|Any CPU = Debug|Any CPU
		Release|Any CPU = Release|Any CPU
	EndGlobalSection
	GlobalSection(ProjectConfigurationPlatforms) = postSolution
		{46ED7983-64B3-4B9B-83A8-4AD054740D11}.Debug|Any CPU.ActiveCfg = Debug|Any CPU
		{46ED7983-64B3-4B9B-83A8-4AD054740D11}.Debug|Any CPU.Build.0 = Debug|Any CPU
		{46ED7983-64B3-4B9B-83A8-4AD054740D11}.Release|Any CPU.ActiveCfg = Release|Any CPU
		{46ED7983-64B3-4B9B-83A8-4AD054740D11}.Release|Any CPU.Build.0 = Release|Any CPU
	EndGlobalSection
	GlobalSection(SolutionProperties) = preSolution
		HideSolutionNode = FALSE
	EndGlobalSection
	GlobalSection(ExtensibilityGlobals) = postSolution
		SolutionGuid = {4A4F3F8C-A6F2-4547-B994-F46D5876A35E}
	EndGlobalSection
EndGlobal
